
Microsoft Visual Studio Solution File, Format Version 12.00
# Visual Studio Version 16
VisualStudioVersion = 16.0.29306.81
MinimumVisualStudioVersion = 10.0.40219.1
Project("{FAE04EC0-301F-11D3-BF4B-00C04F79EFBC}") = "WindowsFormsApp1", "WindowsFormsApp1\WindowsFormsApp1.csproj", "{F5D45D81-7AF8-4630-9F77-DAF4C1DD19D7}"
EndProject
Global
	GlobalSection(SolutionConfigurationPlatforms) = preSolution
		Debug|Any CPU = Debug|Any CPU
		Release|Any CPU = Release|Any CPU
	EndGlobalSection
	GlobalSection(ProjectConfigurationPlatforms) = postSolution
		{F5D45D81-7AF8-4630-9F77-DAF4C1DD19D7}.Debug|Any CPU.ActiveCfg = Debug|Any CPU
		{F5D45D81-7AF8-4630-9F77-DAF4C1DD19D7}.Debug|Any CPU.Build.0 = Debug|Any CPU
		{F5D45D81-7AF8-4630-9F77-DAF4C1DD19D7}.Release|Any CPU.ActiveCfg = Release|Any CPU
		{F5D45D81-7AF8-4630-9F77-DAF4C1DD19D7}.Release|Any CPU.Build.0 = Release|Any CPU
	EndGlobalSection
	GlobalSection(SolutionProperties) = preSolution
		HideSolutionNode = FALSE
	EndGlobalSection
	GlobalSection(ExtensibilityGlobals) = postSolution
		SolutionGuid = {223460A3-9FBC-4E3B-9021-20C4523D903A}
	EndGlobalSection
EndGlobal
